# THIS IS AN AUTOGENERATED FILE. DO NOT EDIT THIS FILE DIRECTLY.
# yarn lockfile v1


"@types/node@22.x":
  version "22.18.7"
  resolved "https://registry.yarnpkg.com/@types/node/-/node-22.18.7.tgz#e1d013d5759fa50ff4d334aee3fd6254f1dbae74"
  integrity sha512-3E97nlWEVp2V6J7aMkR8eOnw/w0pArPwf/5/W0865f+xzBoGL/ZuHkTAKAGN7cOWNwd+sG+hZOqj+fjzeHS75g==
  dependencies:
    undici-types "~6.21.0"

jsonc-parser@^3.2.0:
  version "3.3.1"
  resolved "https://registry.yarnpkg.com/jsonc-parser/-/jsonc-parser-3.3.1.tgz#f2a524b4f7fd11e3d791e559977ad60b98b798b4"
  integrity sha512-HUgH65KyejrUFPvHFPbqOY0rsFip3Bo5wb4ngvdi1EpCYWUQDC5V+Y7mZws+DLkr4M//zQJoanu1SP+87Dv1oQ==

undici-types@~6.21.0:
  version "6.21.0"
  resolved "https://registry.yarnpkg.com/undici-types/-/undici-types-6.21.0.tgz#691d00af3909be93a7faa13be61b3a5b50ef12cb"
  integrity sha512-iwDZqg0QAGrg9Rav5H4n0M64c3mkR59cJ6wQp+7C4nI0gsmExaedaYLNO44eT4AtBBwjbTiGPMlt2Md0T9H9JQ==
