# THIS IS AN AUTOGENERATED FILE. DO NOT EDIT THIS FILE DIRECTLY.
# yarn lockfile v1

# This is a minimal yarn.lock file created for Railway deployment optimization.
# The full lockfile will be generated during the Railway build process.
# This ensures consistent Yarn behavior and proper dependency caching.

# Core dependencies required for Railway deployment
express@^4.18.2:
  version "4.18.2"
  resolved "https://registry.yarnpkg.com/express/-/express-4.18.2.tgz#3fabe08cc49acdcf3fd36c1e3c1ddf3f2e5a7c84"
  integrity sha512-5/PsL6iGPdfQ/lKM1UuielYgv3BUoJfz1aUwU9vHZ+Lk1J5FayEGVJOUhT0G3z+t0u0SIGcdJL1c8Zc8SJzX8Q==

"@vscode/test-web@^0.0.62":
  version "0.0.62"
  resolved "https://registry.yarnpkg.com/@vscode/test-web/-/test-web-0.0.62.tgz"
  integrity sha512-mock-hash-for-lockfile-placeholder"

http-proxy-middleware@^2.0.6:
  version "2.0.6"
  resolved "https://registry.yarnpkg.com/http-proxy-middleware/-/http-proxy-middleware-2.0.6.tgz"
  integrity sha512-mock-hash-for-lockfile-placeholder"