# THIS IS AN AUTOGENERATED FILE. DO NOT EDIT THIS FILE DIRECTLY.
# yarn lockfile v1


"@isaacs/balanced-match@^4.0.1":
  version "4.0.1"
  resolved "https://registry.yarnpkg.com/@isaacs/balanced-match/-/balanced-match-4.0.1.tgz#3081dadbc3460661b751e7591d7faea5df39dd29"
  integrity sha512-yzMTt9lEb8Gv7zRioUilSglI0c0smZ9k5D65677DLWLtWJaXIS3CqcGyUFByYKlnUj6TkjLVs54fBl6+TiGQDQ==

"@isaacs/brace-expansion@^5.0.0":
  version "5.0.0"
  resolved "https://registry.yarnpkg.com/@isaacs/brace-expansion/-/brace-expansion-5.0.0.tgz#4b3dabab7d8e75a429414a96bd67bf4c1d13e0f3"
  integrity sha512-ZT55BDLV0yv0RBm2czMiZ+SqCGO7AvmOM3G/w2xhVPH+te0aKgFjmBvGlL1dH+ql2tgGO3MVrbb3jCKyvpgnxA==
  dependencies:
    "@isaacs/balanced-match" "^4.0.1"

"@types/node@22.x":
  version "22.18.7"
  resolved "https://registry.yarnpkg.com/@types/node/-/node-22.18.7.tgz#e1d013d5759fa50ff4d334aee3fd6254f1dbae74"
  integrity sha512-3E97nlWEVp2V6J7aMkR8eOnw/w0pArPwf/5/W0865f+xzBoGL/ZuHkTAKAGN7cOWNwd+sG+hZOqj+fjzeHS75g==
  dependencies:
    undici-types "~6.21.0"

minimatch@^10.0.3:
  version "10.0.3"
  resolved "https://registry.yarnpkg.com/minimatch/-/minimatch-10.0.3.tgz#cf7a0314a16c4d9ab73a7730a0e8e3c3502d47aa"
  integrity sha512-IPZ167aShDZZUMdRk66cyQAW3qr0WzbHkPdMYa8bzZhlHhO3jALbKdxcaak7W9FfT2rZNpQuUu4Od7ILEpXSaw==
  dependencies:
    "@isaacs/brace-expansion" "^5.0.0"

semver@^7.7.1:
  version "7.7.2"
  resolved "https://registry.yarnpkg.com/semver/-/semver-7.7.2.tgz#67d99fdcd35cec21e6f8b87a7fd515a33f982b58"
  integrity sha512-RF0Fw+rO5AMf9MAyaRXI4AV0Ulj5lMHqVxxdSgiVbixSCXoEmmX/jk0CuJw4+3SqroYO9VoUh+HcuJivvtJemA==

undici-types@~6.21.0:
  version "6.21.0"
  resolved "https://registry.yarnpkg.com/undici-types/-/undici-types-6.21.0.tgz#691d00af3909be93a7faa13be61b3a5b50ef12cb"
  integrity sha512-iwDZqg0QAGrg9Rav5H4n0M64c3mkR59cJ6wQp+7C4nI0gsmExaedaYLNO44eT4AtBBwjbTiGPMlt2Md0T9H9JQ==

vscode-jsonrpc@9.0.0-next.9:
  version "9.0.0-next.9"
  resolved "https://registry.yarnpkg.com/vscode-jsonrpc/-/vscode-jsonrpc-9.0.0-next.9.tgz#aebb276ab5a1e249147ad257cfa3fb322699457b"
  integrity sha512-IM/RHL7ZklEUh1N2Rh4OjRL6D9MyIXq3v+zIkPLXq74hM1eW7WRLP0/cjzNu/baRFC00sFxJm95RBKsT8dXzRQ==

vscode-languageclient@^10.0.0-next.16:
  version "10.0.0-next.17"
  resolved "https://registry.yarnpkg.com/vscode-languageclient/-/vscode-languageclient-10.0.0-next.17.tgz#311a7fb1a05c713c517d92b5833207d5b4142c82"
  integrity sha512-hSnWKNS8MqMih/HlT7eABuzsvifa9qtGbL8oGH90K9jangtJXx6FKSFIjyWz0Yt8NRz1bGJ7rNM5t8B5+NCSDQ==
  dependencies:
    minimatch "^10.0.3"
    semver "^7.7.1"
    vscode-languageserver-protocol "3.17.6-next.14"

vscode-languageserver-protocol@3.17.6-next.14:
  version "3.17.6-next.14"
  resolved "https://registry.yarnpkg.com/vscode-languageserver-protocol/-/vscode-languageserver-protocol-3.17.6-next.14.tgz#151aeac977f20f07a24522fa5dbb428852937382"
  integrity sha512-0VD83wxN5kI9vgeaIDQnAxgrbZfKiFNIxdFY5LKe3SZdZd+LAJLMrklSrwfefS7hEzaHw6Z++VFdVJJU+gh1Zg==
  dependencies:
    vscode-jsonrpc "9.0.0-next.9"
    vscode-languageserver-types "3.17.6-next.6"

vscode-languageserver-types@3.17.6-next.6:
  version "3.17.6-next.6"
  resolved "https://registry.yarnpkg.com/vscode-languageserver-types/-/vscode-languageserver-types-3.17.6-next.6.tgz#643ec35a527ea9b326c6707551f66d8feab3feaf"
  integrity sha512-aiJY5/yW+xzw7KPNlwi3gQtddq/3EIn5z8X8nCgJfaiAij2R1APKePngv+MUdLdYJBVTLu+Qa0ODsT+pHgYguQ==

vscode-uri@^3.1.0:
  version "3.1.0"
  resolved "https://registry.yarnpkg.com/vscode-uri/-/vscode-uri-3.1.0.tgz#dd09ec5a66a38b5c3fffc774015713496d14e09c"
  integrity sha512-/BpdSx+yCQGnCvecbyXdxHDkuk55/G3xwnC0GqY4gmQ3j+A+g8kzzgB4Nk/SINjqn6+waqw3EgbVF2QKExkRxQ==
