# THIS IS AN AUTOGENERATED FILE. DO NOT EDIT THIS FILE DIRECTLY.
# yarn lockfile v1


"@emmetio/abbreviation@^2.3.3":
  version "2.3.3"
  resolved "https://registry.yarnpkg.com/@emmetio/abbreviation/-/abbreviation-2.3.3.tgz#ed2b88fe37b972292d6026c7c540aaf887cecb6e"
  integrity sha512-mgv58UrU3rh4YgbE/TzgLQwJ3pFsHHhCLqY20aJq+9comytTXUDNGG/SMtSeMJdkpxgXSXunBGLD8Boka3JyVA==
  dependencies:
    "@emmetio/scanner" "^1.0.4"

"@emmetio/css-abbreviation@^2.1.8":
  version "2.1.8"
  resolved "https://registry.yarnpkg.com/@emmetio/css-abbreviation/-/css-abbreviation-2.1.8.tgz#b785313486eba6cb7eb623ad39378c4e1063dc00"
  integrity sha512-s9yjhJ6saOO/uk1V74eifykk2CBYi01STTK3WlXWGOepyKa23ymJ053+DNQjpFcy1ingpaO7AxCcwLvHFY9tuw==
  dependencies:
    "@emmetio/scanner" "^1.0.4"

"@emmetio/css-parser@ramya-rao-a/css-parser#vscode":
  version "0.4.0"
  resolved "https://codeload.github.com/ramya-rao-a/css-parser/tar.gz/370c480ac103bd17c7bcfb34bf5d577dc40d3660"
  dependencies:
    "@emmetio/stream-reader" "^2.2.0"
    "@emmetio/stream-reader-utils" "^0.1.0"

"@emmetio/html-matcher@^0.3.3":
  version "0.3.3"
  resolved "https://registry.yarnpkg.com/@emmetio/html-matcher/-/html-matcher-0.3.3.tgz#0bbdadc0882e185950f03737dc6dbf8f7bd90728"
  integrity sha512-+aeGmFXoR36nk2qzqPhBnWjnB38BV+dreTh/tsfbWP9kHv7fqRa9XuG1BSQFbPtKzsjUsBvGXkgGU3G8MkMw6A==
  dependencies:
    "@emmetio/stream-reader" "^2.0.0"
    "@emmetio/stream-reader-utils" "^0.1.0"

"@emmetio/math-expression@^1.0.5":
  version "1.0.5"
  resolved "https://registry.yarnpkg.com/@emmetio/math-expression/-/math-expression-1.0.5.tgz#d0cc52ed453a107bc9b19c5d71d1390d3aecbe48"
  integrity sha512-qf5SXD/ViS04rXSeDg9CRGM10xLC9dVaKIbMHrrwxYr5LNB/C0rOfokhGSBwnVQKcidLmdRJeNWH1V1tppZ84Q==
  dependencies:
    "@emmetio/scanner" "^1.0.4"

"@emmetio/scanner@^1.0.4":
  version "1.0.4"
  resolved "https://registry.yarnpkg.com/@emmetio/scanner/-/scanner-1.0.4.tgz#e9cdc67194fd91f8b7eb141014be4f2d086c15f1"
  integrity sha512-IqRuJtQff7YHHBk4G8YZ45uB9BaAGcwQeVzgj/zj8/UdOhtQpEIupUhSk8dys6spFIWVZVeK20CzGEnqR5SbqA==

"@emmetio/stream-reader-utils@^0.1.0":
  version "0.1.0"
  resolved "https://registry.yarnpkg.com/@emmetio/stream-reader-utils/-/stream-reader-utils-0.1.0.tgz#244cb02c77ec2e74f78a9bd318218abc9c500a61"
  integrity sha512-ZsZ2I9Vzso3Ho/pjZFsmmZ++FWeEd/txqybHTm4OgaZzdS8V9V/YYWQwg5TC38Z7uLWUV1vavpLLbjJtKubR1A==

"@emmetio/stream-reader@^2.0.0", "@emmetio/stream-reader@^2.2.0":
  version "2.2.0"
  resolved "https://registry.yarnpkg.com/@emmetio/stream-reader/-/stream-reader-2.2.0.tgz#46cffea119a0a003312a21c2d9b5628cb5fcd442"
  integrity sha512-fXVXEyFA5Yv3M3n8sUGT7+fvecGrZP4k6FnWWMSZVQf69kAq0LLpaBQLGcPR30m3zMmKYhECP4k/ZkzvhEW5kw==

"@types/node@22.x":
  version "22.18.7"
  resolved "https://registry.yarnpkg.com/@types/node/-/node-22.18.7.tgz#e1d013d5759fa50ff4d334aee3fd6254f1dbae74"
  integrity sha512-3E97nlWEVp2V6J7aMkR8eOnw/w0pArPwf/5/W0865f+xzBoGL/ZuHkTAKAGN7cOWNwd+sG+hZOqj+fjzeHS75g==
  dependencies:
    undici-types "~6.21.0"

"@vscode/emmet-helper@^2.8.8":
  version "2.11.0"
  resolved "https://registry.yarnpkg.com/@vscode/emmet-helper/-/emmet-helper-2.11.0.tgz#7a53e4fdb17329cc2ed88036905c78d811d231d6"
  integrity sha512-QLxjQR3imPZPQltfbWRnHU6JecWTF1QSWhx3GAKQpslx7y3Dp6sIIXhKjiUJ/BR9FX8PVthjr9PD6pNwOJfAzw==
  dependencies:
    emmet "^2.4.3"
    jsonc-parser "^2.3.0"
    vscode-languageserver-textdocument "^1.0.1"
    vscode-languageserver-types "^3.15.1"
    vscode-uri "^3.0.8"

emmet@^2.4.3:
  version "2.4.11"
  resolved "https://registry.yarnpkg.com/emmet/-/emmet-2.4.11.tgz#b331f572df37a252360ebee7dc4462c8d2e32f5c"
  integrity sha512-23QPJB3moh/U9sT4rQzGgeyyGIrcM+GH5uVYg2C6wZIxAIJq7Ng3QLT79tl8FUwDXhyq9SusfknOrofAKqvgyQ==
  dependencies:
    "@emmetio/abbreviation" "^2.3.3"
    "@emmetio/css-abbreviation" "^2.1.8"

image-size@~1.0.0:
  version "1.0.2"
  resolved "https://registry.yarnpkg.com/image-size/-/image-size-1.0.2.tgz#d778b6d0ab75b2737c1556dd631652eb963bc486"
  integrity sha512-xfOoWjceHntRb3qFCrh5ZFORYH8XCdYpASltMhZ/Q0KZiOwjdE/Yl2QCiWdwD+lygV5bMCvauzgu5PxBX/Yerg==
  dependencies:
    queue "6.0.2"

inherits@~2.0.3:
  version "2.0.4"
  resolved "https://registry.yarnpkg.com/inherits/-/inherits-2.0.4.tgz#0fa2c64f932917c3433a0ded55363aae37416b7c"
  integrity sha512-k/vGaX4/Yla3WzyMCvTQOXYeIHvqOKtnqBduzTHpzpQZzAskKMhZ2K+EnBiSM9zGSoIFeMpXKxa4dYeZIQqewQ==

jsonc-parser@^2.3.0:
  version "2.3.1"
  resolved "https://registry.yarnpkg.com/jsonc-parser/-/jsonc-parser-2.3.1.tgz#59549150b133f2efacca48fe9ce1ec0659af2342"
  integrity sha512-H8jvkz1O50L3dMZCsLqiuB2tA7muqbSg1AtGEkN0leAqGjsUzDJir3Zwr02BhqdcITPg3ei3mZ+HjMocAknhhg==

queue@6.0.2:
  version "6.0.2"
  resolved "https://registry.yarnpkg.com/queue/-/queue-6.0.2.tgz#b91525283e2315c7553d2efa18d83e76432fed65"
  integrity sha512-iHZWu+q3IdFZFX36ro/lKBkSvfkztY5Y7HMiPlOUjhupPcG2JMfst2KKEpu5XndviX/3UhFbRngUPNKtgvtZiA==
  dependencies:
    inherits "~2.0.3"

undici-types@~6.21.0:
  version "6.21.0"
  resolved "https://registry.yarnpkg.com/undici-types/-/undici-types-6.21.0.tgz#691d00af3909be93a7faa13be61b3a5b50ef12cb"
  integrity sha512-iwDZqg0QAGrg9Rav5H4n0M64c3mkR59cJ6wQp+7C4nI0gsmExaedaYLNO44eT4AtBBwjbTiGPMlt2Md0T9H9JQ==

vscode-languageserver-textdocument@^1.0.1:
  version "1.0.12"
  resolved "https://registry.yarnpkg.com/vscode-languageserver-textdocument/-/vscode-languageserver-textdocument-1.0.12.tgz#457ee04271ab38998a093c68c2342f53f6e4a631"
  integrity sha512-cxWNPesCnQCcMPeenjKKsOCKQZ/L6Tv19DTRIGuLWe32lyzWhihGVJ/rcckZXJxfdKCFvRLS3fpBIsV/ZGX4zA==

vscode-languageserver-types@^3.15.1:
  version "3.17.5"
  resolved "https://registry.yarnpkg.com/vscode-languageserver-types/-/vscode-languageserver-types-3.17.5.tgz#3273676f0cf2eab40b3f44d085acbb7f08a39d8a"
  integrity sha512-Ld1VelNuX9pdF39h2Hgaeb5hEZM2Z3jUrrMgWQAu82jMtZp7p3vJT3BzToKtZI7NgQssZje5o0zryOrhQvzQAg==

vscode-uri@^3.0.8:
  version "3.1.0"
  resolved "https://registry.yarnpkg.com/vscode-uri/-/vscode-uri-3.1.0.tgz#dd09ec5a66a38b5c3fffc774015713496d14e09c"
  integrity sha512-/BpdSx+yCQGnCvecbyXdxHDkuk55/G3xwnC0GqY4gmQ3j+A+g8kzzgB4Nk/SINjqn6+waqw3EgbVF2QKExkRxQ==
